
Microsoft Visual Studio Solution File, Format Version 12.00
# Visual Studio Version 17
VisualStudioVersion = 17.2.32519.379
MinimumVisualStudioVersion = 10.0.40219.1
Project("{FAE04EC0-301F-11D3-BF4B-00C04F79EFBC}") = "SignalR", "SignalR.csproj", "{7928F7E0-DBB7-449A-A931-9B1FA425F34B}"
EndProject
Global
	GlobalSection(SolutionConfigurationPlatforms) = preSolution
		Debug|Any CPU = Debug|Any CPU
		Release|Any CPU = Release|Any CPU
	EndGlobalSection
	GlobalSection(ProjectConfigurationPlatforms) = postSolution
		{7928F7E0-DBB7-449A-A931-9B1FA425F34B}.Debug|Any CPU.ActiveCfg = Debug|Any CPU
		{7928F7E0-DBB7-449A-A931-9B1FA425F34B}.Debug|Any CPU.Build.0 = Debug|Any CPU
		{7928F7E0-DBB7-449A-A931-9B1FA425F34B}.Release|Any CPU.ActiveCfg = Release|Any CPU
		{7928F7E0-DBB7-449A-A931-9B1FA425F34B}.Release|Any CPU.Build.0 = Release|Any CPU
	EndGlobalSection
	GlobalSection(SolutionProperties) = preSolution
		HideSolutionNode = FALSE
	EndGlobalSection
	GlobalSection(ExtensibilityGlobals) = postSolution
		SolutionGuid = {0EDF3818-5428-420F-9186-8755DCC65858}
	EndGlobalSection
EndGlobal
